# This file is generated by running "yarn install" inside your project.
# Manual changes might be lost - proceed with caution!

__metadata:
  version: 8
  cacheKey: 10c0

"comlink@npm:^4.4.1":
  version: 4.4.1
  resolution: "comlink@npm:4.4.1"
  checksum: 10c0/a7a2004030768d13ec9373f780aa0edae57616095cb453ec8950d9f97e5fa654c0e84030ac87173b818843a04a5fa9ce9749d48b6bd453cfbfb5e6a9ebb6b2ff
  languageName: node
  linkType: hard

"legaldac@workspace:.":
  version: 0.0.0-use.local
  resolution: "legaldac@workspace:."
  dependencies:
    libarchive.js: "npm:^2.0.2"
    tsc: "npm:^2.0.4"
  languageName: unknown
  linkType: soft

"libarchive.js@npm:^2.0.2":
  version: 2.0.2
  resolution: "libarchive.js@npm:2.0.2"
  dependencies:
    comlink: "npm:^4.4.1"
  checksum: 10c0/2f373d0b1e04f0413a7e2a2d8bd5029dac558d4697b9751cf9e6fdfa1075e0458ceac16a627eace634661e4bfe95a112229af4775f23b71937820729da0666ee
  languageName: node
  linkType: hard

"tsc@npm:^2.0.4":
  version: 2.0.4
  resolution: "tsc@npm:2.0.4"
  bin:
    tsc: bin/tsc
  checksum: 10c0/4651d344891d995e62ab7ca64ce0a8597bbdc2d392886c9956d15caab4dc9bfe86e759d3385b3f97c49fb5294194a161d6812673e3f51e46357c82482f32c3ab
  languageName: node
  linkType: hard
